// !$*UTF8*$!
{
	archiveVersion = 1;
	classes = {
	};
	objectVersion = 56;
	objects = {

/* Begin PBXBuildFile section */
		87BDCAC829525FCF0011C6F8 /* AppDelegate.swift in Sources */ = {isa = PBXBuildFile; fileRef = 87BDCAC729525FCF0011C6F8 /* AppDelegate.swift */; };
		87BDCACA29525FCF0011C6F8 /* SceneDelegate.swift in Sources */ = {isa = PBXBuildFile; fileRef = 87BDCAC929525FCF0011C6F8 /* SceneDelegate.swift */; };
		87BDCACC29525FCF0011C6F8 /* ViewController.swift in Sources */ = {isa = PBXBuildFile; fileRef = 87BDCACB29525FCF0011C6F8 /* ViewController.swift */; };
		87BDCACF29525FCF0011C6F8 /* Main.storyboard in Resources */ = {isa = PBXBuildFile; fileRef = 87BDCACD29525FCF0011C6F8 /* Main.storyboard */; };
		87BDCAD129525FD00011C6F8 /* Assets.xcassets in Resources */ = {isa = PBXBuildFile; fileRef = 87BDCAD029525FD00011C6F8 /* Assets.xcassets */; };
		87BDCAD429525FD00011C6F8 /* LaunchScreen.storyboard in Resources */ = {isa = PBXBuildFile; fileRef = 87BDCAD229525FD00011C6F8 /* LaunchScreen.storyboard */; };
		87BDCADF29525FD00011C6F8 /* TESTSWIFTTests.swift in Sources */ = {isa = PBXBuildFile; fileRef = 87BDCADE29525FD00011C6F8 /* TESTSWIFTTests.swift */; };
		87BDCAE929525FD00011C6F8 /* TESTSWIFTUITests.swift in Sources */ = {isa = PBXBuildFile; fileRef = 87BDCAE829525FD00011C6F8 /* TESTSWIFTUITests.swift */; };
		87BDCAEB29525FD00011C6F8 /* TESTSWIFTUITestsLaunchTests.swift in Sources */ = {isa = PBXBuildFile; fileRef = 87BDCAEA29525FD00011C6F8 /* TESTSWIFTUITestsLaunchTests.swift */; };
/* End PBXBuildFile section */

/* Begin PBXContainerItemProxy section */
		87BDCADB29525FD00011C6F8 /* PBXContainerItemProxy */ = {
			isa = PBXContainerItemProxy;
			containerPortal = 87BDCABC29525FCF0011C6F8 /* Project object */;
			proxyType = 1;
			remoteGlobalIDString = 87BDCAC329525FCF0011C6F8;
			remoteInfo = TESTSWIFT;
		};
		87BDCAE529525FD00011C6F8 /* PBXContainerItemProxy */ = {
			isa = PBXContainerItemProxy;
			containerPortal = 87BDCABC29525FCF0011C6F8 /* Project object */;
			proxyType = 1;
			remoteGlobalIDString = 87BDCAC329525FCF0011C6F8;
			remoteInfo = TESTSWIFT;
		};
/* End PBXContainerItemProxy section */

/* Begin PBXFileReference section */
		87BDCAC429525FCF0011C6F8 /* TESTSWIFT.app */ = {isa = PBXFileReference; explicitFileType = wrapper.application; includeInIndex = 0; path = TESTSWIFT.app; sourceTree = BUILT_PRODUCTS_DIR; };
		87BDCAC729525FCF0011C6F8 /* AppDelegate.swift */ = {isa = PBXFileReference; lastKnownFileType = sourcecode.swift; path = AppDelegate.swift; sourceTree = "<group>"; };
		87BDCAC929525FCF0011C6F8 /* SceneDelegate.swift */ = {isa = PBXFileReference; lastKnownFileType = sourcecode.swift; path = SceneDelegate.swift; sourceTree = "<group>"; };
		87BDCACB29525FCF0011C6F8 /* ViewController.swift */ = {isa = PBXFileReference; lastKnownFileType = sourcecode.swift; path = ViewController.swift; sourceTree = "<group>"; };
		87BDCACE29525FCF0011C6F8 /* Base */ = {isa = PBXFileReference; lastKnownFileType = file.storyboard; name = Base; path = Base.lproj/Main.storyboard; sourceTree = "<group>"; };
		87BDCAD029525FD00011C6F8 /* Assets.xcassets */ = {isa = PBXFileReference; lastKnownFileType = folder.assetcatalog; path = Assets.xcassets; sourceTree = "<group>"; };
		87BDCAD329525FD00011C6F8 /* Base */ = {isa = PBXFileReference; lastKnownFileType = file.storyboard; name = Base; path = Base.lproj/LaunchScreen.storyboard; sourceTree = "<group>"; };
		87BDCAD529525FD00011C6F8 /* Info.plist */ = {isa = PBXFileReference; lastKnownFileType = text.plist.xml; path = Info.plist; sourceTree = "<group>"; };
		87BDCADA29525FD00011C6F8 /* TESTSWIFTTests.xctest */ = {isa = PBXFileReference; explicitFileType = wrapper.cfbundle; includeInIndex = 0; path = TESTSWIFTTests.xctest; sourceTree = BUILT_PRODUCTS_DIR; };
		87BDCADE29525FD00011C6F8 /* TESTSWIFTTests.swift */ = {isa = PBXFileReference; lastKnownFileType = sourcecode.swift; path = TESTSWIFTTests.swift; sourceTree = "<group>"; };
		87BDCAE429525FD00011C6F8 /* TESTSWIFTUITests.xctest */ = {isa = PBXFileReference; explicitFileType = wrapper.cfbundle; includeInIndex = 0; path = TESTSWIFTUITests.xctest; sourceTree = BUILT_PRODUCTS_DIR; };
		87BDCAE829525FD00011C6F8 /* TESTSWIFTUITests.swift */ = {isa = PBXFileReference; lastKnownFileType = sourcecode.swift; path = TESTSWIFTUITests.swift; sourceTree = "<group>"; };
		87BDCAEA29525FD00011C6F8 /* TESTSWIFTUITestsLaunchTests.swift */ = {isa = PBXFileReference; lastKnownFileType = sourcecode.swift; path = TESTSWIFTUITestsLaunchTests.swift; sourceTree = "<group>"; };
/* End PBXFileReference section */

/* Begin PBXFrameworksBuildPhase section */
		87BDCAC129525FCF0011C6F8 /* Frameworks */ = {
			isa = PBXFrameworksBuildPhase;
			buildActionMask = 2147483647;
			files = (
			);
			runOnlyForDeploymentPostprocessing = 0;
		};
		87BDCAD729525FD00011C6F8 /* Frameworks */ = {
			isa = PBXFrameworksBuildPhase;
			buildActionMask = 2147483647;
			files = (
			);
			runOnlyForDeploymentPostprocessing = 0;
		};
		87BDCAE129525FD00011C6F8 /* Frameworks */ = {
			isa = PBXFrameworksBuildPhase;
			buildActionMask = 2147483647;
			files = (
			);
			runOnlyForDeploymentPostprocessing = 0;
		};
/* End PBXFrameworksBuildPhase section */

/* Begin PBXGroup section */
		87BDCABB29525FCF0011C6F8 = {
			isa = PBXGroup;
			children = (
				87BDCAC629525FCF0011C6F8 /* TESTSWIFT */,
				87BDCADD29525FD00011C6F8 /* TESTSWIFTTests */,
				87BDCAE729525FD00011C6F8 /* TESTSWIFTUITests */,
				87BDCAC529525FCF0011C6F8 /* Products */,
			);
			sourceTree = "<group>";
		};
		87BDCAC529525FCF0011C6F8 /* Products */ = {
			isa = PBXGroup;
			children = (
				87BDCAC429525FCF0011C6F8 /* TESTSWIFT.app */,
				87BDCADA29525FD00011C6F8 /* TESTSWIFTTests.xctest */,
				87BDCAE429525FD00011C6F8 /* TESTSWIFTUITests.xctest */,
			);
			name = Products;
			sourceTree = "<group>";
		};
		87BDCAC629525FCF0011C6F8 /* TESTSWIFT */ = {
			isa = PBXGroup;
			children = (
				87BDCAC729525FCF0011C6F8 /* AppDelegate.swift */,
				87BDCAC929525FCF0011C6F8 /* SceneDelegate.swift */,
				87BDCACB29525FCF0011C6F8 /* ViewController.swift */,
				87BDCACD29525FCF0011C6F8 /* Main.storyboard */,
				87BDCAD029525FD00011C6F8 /* Assets.xcassets */,
				87BDCAD229525FD00011C6F8 /* LaunchScreen.storyboard */,
				87BDCAD529525FD00011C6F8 /* Info.plist */,
			);
			path = TESTSWIFT;
			sourceTree = "<group>";
		};
		87BDCADD29525FD00011C6F8 /* TESTSWIFTTests */ = {
			isa = PBXGroup;
			children = (
				87BDCADE29525FD00011C6F8 /* TESTSWIFTTests.swift */,
			);
			path = TESTSWIFTTests;
			sourceTree = "<group>";
		};
		87BDCAE729525FD00011C6F8 /* TESTSWIFTUITests */ = {
			isa = PBXGroup;
			children = (
				87BDCAE829525FD00011C6F8 /* TESTSWIFTUITests.swift */,
				87BDCAEA29525FD00011C6F8 /* TESTSWIFTUITestsLaunchTests.swift */,
			);
			path = TESTSWIFTUITests;
			sourceTree = "<group>";
		};
/* End PBXGroup section */

/* Begin PBXNativeTarget section */
		87BDCAC329525FCF0011C6F8 /* TESTSWIFT */ = {
			isa = PBXNativeTarget;
			buildConfigurationList = 87BDCAEE29525FD00011C6F8 /* Build configuration list for PBXNativeTarget "TESTSWIFT" */;
			buildPhases = (
				87BDCAC029525FCF0011C6F8 /* Sources */,
				87BDCAC129525FCF0011C6F8 /* Frameworks */,
				87BDCAC229525FCF0011C6F8 /* Resources */,
			);
			buildRules = (
			);
			dependencies = (
			);
			name = TESTSWIFT;
			productName = TESTSWIFT;
			productReference = 87BDCAC429525FCF0011C6F8 /* TESTSWIFT.app */;
			productType = "com.apple.product-type.application";
		};
		87BDCAD929525FD00011C6F8 /* TESTSWIFTTests */ = {
			isa = PBXNativeTarget;
			buildConfigurationList = 87BDCAF129525FD00011C6F8 /* Build configuration list for PBXNativeTarget "TESTSWIFTTests" */;
			buildPhases = (
				87BDCAD629525FD00011C6F8 /* Sources */,
				87BDCAD729525FD00011C6F8 /* Frameworks */,
				87BDCAD829525FD00011C6F8 /* Resources */,
			);
			buildRules = (
			);
			dependencies = (
				87BDCADC29525FD00011C6F8 /* PBXTargetDependency */,
			);
			name = TESTSWIFTTests;
			productName = TESTSWIFTTests;
			productReference = 87BDCADA29525FD00011C6F8 /* TESTSWIFTTests.xctest */;
			productType = "com.apple.product-type.bundle.unit-test";
		};
		87BDCAE329525FD00011C6F8 /* TESTSWIFTUITests */ = {
			isa = PBXNativeTarget;
			buildConfigurationList = 87BDCAF429525FD00011C6F8 /* Build configuration list for PBXNativeTarget "TESTSWIFTUITests" */;
			buildPhases = (
				87BDCAE029525FD00011C6F8 /* Sources */,
				87BDCAE129525FD00011C6F8 /* Frameworks */,
				87BDCAE229525FD00011C6F8 /* Resources */,
			);
			buildRules = (
			);
			dependencies = (
				87BDCAE629525FD00011C6F8 /* PBXTargetDependency */,
			);
			name = TESTSWIFTUITests;
			productName = TESTSWIFTUITests;
			productReference = 87BDCAE429525FD00011C6F8 /* TESTSWIFTUITests.xctest */;
			productType = "com.apple.product-type.bundle.ui-testing";
		};
/* End PBXNativeTarget section */

/* Begin PBXProject section */
		87BDCABC29525FCF0011C6F8 /* Project object */ = {
			isa = PBXProject;
			attributes = {
				BuildIndependentTargetsInParallel = 1;
				LastSwiftUpdateCheck = 1400;
				LastUpgradeCheck = 1400;
				TargetAttributes = {
					87BDCAC329525FCF0011C6F8 = {
						CreatedOnToolsVersion = 14.0.1;
					};
					87BDCAD929525FD00011C6F8 = {
						CreatedOnToolsVersion = 14.0.1;
						TestTargetID = 87BDCAC329525FCF0011C6F8;
					};
					87BDCAE329525FD00011C6F8 = {
						CreatedOnToolsVersion = 14.0.1;
						TestTargetID = 87BDCAC329525FCF0011C6F8;
					};
				};
			};
			buildConfigurationList = 87BDCABF29525FCF0011C6F8 /* Build configuration list for PBXProject "TESTSWIFT" */;
			compatibilityVersion = "Xcode 14.0";
			developmentRegion = en;
			hasScannedForEncodings = 0;
			knownRegions = (
				en,
				Base,
			);
			mainGroup = 87BDCABB29525FCF0011C6F8;
			productRefGroup = 87BDCAC529525FCF0011C6F8 /* Products */;
			projectDirPath = "";
			projectRoot = "";
			targets = (
				87BDCAC329525FCF0011C6F8 /* TESTSWIFT */,
				87BDCAD929525FD00011C6F8 /* TESTSWIFTTests */,
				87BDCAE329525FD00011C6F8 /* TESTSWIFTUITests */,
			);
		};
/* End PBXProject section */

/* Begin PBXResourcesBuildPhase section */
		87BDCAC229525FCF0011C6F8 /* Resources */ = {
			isa = PBXResourcesBuildPhase;
			buildActionMask = 2147483647;
			files = (
				87BDCAD429525FD00011C6F8 /* LaunchScreen.storyboard in Resources */,
				87BDCAD129525FD00011C6F8 /* Assets.xcassets in Resources */,
				87BDCACF29525FCF0011C6F8 /* Main.storyboard in Resources */,
			);
			runOnlyForDeploymentPostprocessing = 0;
		};
		87BDCAD829525FD00011C6F8 /* Resources */ = {
			isa = PBXResourcesBuildPhase;
			buildActionMask = 2147483647;
			files = (
			);
			runOnlyForDeploymentPostprocessing = 0;
		};
		87BDCAE229525FD00011C6F8 /* Resources */ = {
			isa = PBXResourcesBuildPhase;
			buildActionMask = 2147483647;
			files = (
			);
			runOnlyForDeploymentPostprocessing = 0;
		};
/* End PBXResourcesBuildPhase section */

/* Begin PBXSourcesBuildPhase section */
		87BDCAC029525FCF0011C6F8 /* Sources */ = {
			isa = PBXSourcesBuildPhase;
			buildActionMask = 2147483647;
			files = (
				87BDCACC29525FCF0011C6F8 /* ViewController.swift in Sources */,
				87BDCAC829525FCF0011C6F8 /* AppDelegate.swift in Sources */,
				87BDCACA29525FCF0011C6F8 /* SceneDelegate.swift in Sources */,
			);
			runOnlyForDeploymentPostprocessing = 0;
		};
		87BDCAD629525FD00011C6F8 /* Sources */ = {
			isa = PBXSourcesBuildPhase;
			buildActionMask = 2147483647;
			files = (
				87BDCADF29525FD00011C6F8 /* TESTSWIFTTests.swift in Sources */,
			);
			runOnlyForDeploymentPostprocessing = 0;
		};
		87BDCAE029525FD00011C6F8 /* Sources */ = {
			isa = PBXSourcesBuildPhase;
			buildActionMask = 2147483647;
			files = (
				87BDCAEB29525FD00011C6F8 /* TESTSWIFTUITestsLaunchTests.swift in Sources */,
				87BDCAE929525FD00011C6F8 /* TESTSWIFTUITests.swift in Sources */,
			);
			runOnlyForDeploymentPostprocessing = 0;
		};
/* End PBXSourcesBuildPhase section */

/* Begin PBXTargetDependency section */
		87BDCADC29525FD00011C6F8 /* PBXTargetDependency */ = {
			isa = PBXTargetDependency;
			target = 87BDCAC329525FCF0011C6F8 /* TESTSWIFT */;
			targetProxy = 87BDCADB29525FD00011C6F8 /* PBXContainerItemProxy */;
		};
		87BDCAE629525FD00011C6F8 /* PBXTargetDependency */ = {
			isa = PBXTargetDependency;
			target = 87BDCAC329525FCF0011C6F8 /* TESTSWIFT */;
			targetProxy = 87BDCAE529525FD00011C6F8 /* PBXContainerItemProxy */;
		};
/* End PBXTargetDependency section */

/* Begin PBXVariantGroup section */
		87BDCACD29525FCF0011C6F8 /* Main.storyboard */ = {
			isa = PBXVariantGroup;
			children = (
				87BDCACE29525FCF0011C6F8 /* Base */,
			);
			name = Main.storyboard;
			sourceTree = "<group>";
		};
		87BDCAD229525FD00011C6F8 /* LaunchScreen.storyboard */ = {
			isa = PBXVariantGroup;
			children = (
				87BDCAD329525FD00011C6F8 /* Base */,
			);
			name = LaunchScreen.storyboard;
			sourceTree = "<group>";
		};
/* End PBXVariantGroup section */

/* Begin XCBuildConfiguration section */
		87BDCAEC29525FD00011C6F8 /* Debug */ = {
			isa = XCBuildConfiguration;
			buildSettings = {
				ALWAYS_SEARCH_USER_PATHS = NO;
				CLANG_ANALYZER_NONNULL = YES;
				CLANG_ANALYZER_NUMBER_OBJECT_CONVERSION = YES_AGGRESSIVE;
				CLANG_CXX_LANGUAGE_STANDARD = "gnu++20";
				CLANG_ENABLE_MODULES = YES;
				CLANG_ENABLE_OBJC_ARC = YES;
				CLANG_ENABLE_OBJC_WEAK = YES;
				CLANG_WARN_BLOCK_CAPTURE_AUTORELEASING = YES;
				CLANG_WARN_BOOL_CONVERSION = YES;
				CLANG_WARN_COMMA = YES;
				CLANG_WARN_CONSTANT_CONVERSION = YES;
				CLANG_WARN_DEPRECATED_OBJC_IMPLEMENTATIONS = YES;
				CLANG_WARN_DIRECT_OBJC_ISA_USAGE = YES_ERROR;
				CLANG_WARN_DOCUMENTATION_COMMENTS = YES;
				CLANG_WARN_EMPTY_BODY = YES;
				CLANG_WARN_ENUM_CONVERSION = YES;
				CLANG_WARN_INFINITE_RECURSION = YES;
				CLANG_WARN_INT_CONVERSION = YES;
				CLANG_WARN_NON_LITERAL_NULL_CONVERSION = YES;
				CLANG_WARN_OBJC_IMPLICIT_RETAIN_SELF = YES;
				CLANG_WARN_OBJC_LITERAL_CONVERSION = YES;
				CLANG_WARN_OBJC_ROOT_CLASS = YES_ERROR;
				CLANG_WARN_QUOTED_INCLUDE_IN_FRAMEWORK_HEADER = YES;
				CLANG_WARN_RANGE_LOOP_ANALYSIS = YES;
				CLANG_WARN_STRICT_PROTOTYPES = YES;
				CLANG_WARN_SUSPICIOUS_MOVE = YES;
				CLANG_WARN_UNGUARDED_AVAILABILITY = YES_AGGRESSIVE;
				CLANG_WARN_UNREACHABLE_CODE = YES;
				CLANG_WARN__DUPLICATE_METHOD_MATCH = YES;
				COPY_PHASE_STRIP = NO;
				DEBUG_INFORMATION_FORMAT = dwarf;
				ENABLE_STRICT_OBJC_MSGSEND = YES;
				ENABLE_TESTABILITY = YES;
				GCC_C_LANGUAGE_STANDARD = gnu11;
				GCC_DYNAMIC_NO_PIC = NO;
				GCC_NO_COMMON_BLOCKS = YES;
				GCC_OPTIMIZATION_LEVEL = 0;
				GCC_PREPROCESSOR_DEFINITIONS = (
					"DEBUG=1",
					"$(inherited)",
				);
				GCC_WARN_64_TO_32_BIT_CONVERSION = YES;
				GCC_WARN_ABOUT_RETURN_TYPE = YES_ERROR;
				GCC_WARN_UNDECLARED_SELECTOR = YES;
				GCC_WARN_UNINITIALIZED_AUTOS = YES_AGGRESSIVE;
				GCC_WARN_UNUSED_FUNCTION = YES;
				GCC_WARN_UNUSED_VARIABLE = YES;
				IPHONEOS_DEPLOYMENT_TARGET = 16.0;
				MTL_ENABLE_DEBUG_INFO = INCLUDE_SOURCE;
				MTL_FAST_MATH = YES;
				ONLY_ACTIVE_ARCH = YES;
				SDKROOT = iphoneos;
				SWIFT_ACTIVE_COMPILATION_CONDITIONS = DEBUG;
				SWIFT_OPTIMIZATION_LEVEL = "-Onone";
			};
			name = Debug;
		};
		87BDCAED29525FD00011C6F8 /* Release */ = {
			isa = XCBuildConfiguration;
			buildSettings = {
				ALWAYS_SEARCH_USER_PATHS = NO;
				CLANG_ANALYZER_NONNULL = YES;
				CLANG_ANALYZER_NUMBER_OBJECT_CONVERSION = YES_AGGRESSIVE;
				CLANG_CXX_LANGUAGE_STANDARD = "gnu++20";
				CLANG_ENABLE_MODULES = YES;
				CLANG_ENABLE_OBJC_ARC = YES;
				CLANG_ENABLE_OBJC_WEAK = YES;
				CLANG_WARN_BLOCK_CAPTURE_AUTORELEASING = YES;
				CLANG_WARN_BOOL_CONVERSION = YES;
				CLANG_WARN_COMMA = YES;
				CLANG_WARN_CONSTANT_CONVERSION = YES;
				CLANG_WARN_DEPRECATED_OBJC_IMPLEMENTATIONS = YES;
				CLANG_WARN_DIRECT_OBJC_ISA_USAGE = YES_ERROR;
				CLANG_WARN_DOCUMENTATION_COMMENTS = YES;
				CLANG_WARN_EMPTY_BODY = YES;
				CLANG_WARN_ENUM_CONVERSION = YES;
				CLANG_WARN_INFINITE_RECURSION = YES;
				CLANG_WARN_INT_CONVERSION = YES;
				CLANG_WARN_NON_LITERAL_NULL_CONVERSION = YES;
				CLANG_WARN_OBJC_IMPLICIT_RETAIN_SELF = YES;
				CLANG_WARN_OBJC_LITERAL_CONVERSION = YES;
				CLANG_WARN_OBJC_ROOT_CLASS = YES_ERROR;
				CLANG_WARN_QUOTED_INCLUDE_IN_FRAMEWORK_HEADER = YES;
				CLANG_WARN_RANGE_LOOP_ANALYSIS = YES;
				CLANG_WARN_STRICT_PROTOTYPES = YES;
				CLANG_WARN_SUSPICIOUS_MOVE = YES;
				CLANG_WARN_UNGUARDED_AVAILABILITY = YES_AGGRESSIVE;
				CLANG_WARN_UNREACHABLE_CODE = YES;
				CLANG_WARN__DUPLICATE_METHOD_MATCH = YES;
				COPY_PHASE_STRIP = NO;
				DEBUG_INFORMATION_FORMAT = "dwarf-with-dsym";
				ENABLE_NS_ASSERTIONS = NO;
				ENABLE_STRICT_OBJC_MSGSEND = YES;
				GCC_C_LANGUAGE_STANDARD = gnu11;
				GCC_NO_COMMON_BLOCKS = YES;
				GCC_WARN_64_TO_32_BIT_CONVERSION = YES;
				GCC_WARN_ABOUT_RETURN_TYPE = YES_ERROR;
				GCC_WARN_UNDECLARED_SELECTOR = YES;
				GCC_WARN_UNINITIALIZED_AUTOS = YES_AGGRESSIVE;
				GCC_WARN_UNUSED_FUNCTION = YES;
				GCC_WARN_UNUSED_VARIABLE = YES;
				IPHONEOS_DEPLOYMENT_TARGET = 16.0;
				MTL_ENABLE_DEBUG_INFO = NO;
				MTL_FAST_MATH = YES;
				SDKROOT = iphoneos;
				SWIFT_COMPILATION_MODE = wholemodule;
				SWIFT_OPTIMIZATION_LEVEL = "-O";
				VALIDATE_PRODUCT = YES;
			};
			name = Release;
		};
		87BDCAEF29525FD00011C6F8 /* Debug */ = {
			isa = XCBuildConfiguration;
			buildSettings = {
				ASSETCATALOG_COMPILER_APPICON_NAME = AppIcon;
				ASSETCATALOG_COMPILER_GLOBAL_ACCENT_COLOR_NAME = AccentColor;
				CODE_SIGN_STYLE = Automatic;
				CURRENT_PROJECT_VERSION = 1;
				GENERATE_INFOPLIST_FILE = YES;
				INFOPLIST_FILE = TESTSWIFT/Info.plist;
				INFOPLIST_KEY_UIApplicationSupportsIndirectInputEvents = YES;
				INFOPLIST_KEY_UILaunchStoryboardName = LaunchScreen;
				INFOPLIST_KEY_UIMainStoryboardFile = Main;
				INFOPLIST_KEY_UISupportedInterfaceOrientations_iPad = "UIInterfaceOrientationPortrait UIInterfaceOrientationPortraitUpsideDown UIInterfaceOrientationLandscapeLeft UIInterfaceOrientationLandscapeRight";
				INFOPLIST_KEY_UISupportedInterfaceOrientations_iPhone = "UIInterfaceOrientationPortrait UIInterfaceOrientationLandscapeLeft UIInterfaceOrientationLandscapeRight";
				LD_RUNPATH_SEARCH_PATHS = (
					"$(inherited)",
					"@executable_path/Frameworks",
				);
				MARKETING_VERSION = 1.0;
				PRODUCT_BUNDLE_IDENTIFIER = itmo.TESTSWIFT;
				PRODUCT_NAME = "$(TARGET_NAME)";
				SWIFT_EMIT_LOC_STRINGS = YES;
				SWIFT_VERSION = 5.0;
				TARGETED_DEVICE_FAMILY = "1,2";
			};
			name = Debug;
		};
		87BDCAF029525FD00011C6F8 /* Release */ = {
			isa = XCBuildConfiguration;
			buildSettings = {
				ASSETCATALOG_COMPILER_APPICON_NAME = AppIcon;
				ASSETCATALOG_COMPILER_GLOBAL_ACCENT_COLOR_NAME = AccentColor;
				CODE_SIGN_STYLE = Automatic;
				CURRENT_PROJECT_VERSION = 1;
				GENERATE_INFOPLIST_FILE = YES;
				INFOPLIST_FILE = TESTSWIFT/Info.plist;
				INFOPLIST_KEY_UIApplicationSupportsIndirectInputEvents = YES;
				INFOPLIST_KEY_UILaunchStoryboardName = LaunchScreen;
				INFOPLIST_KEY_UIMainStoryboardFile = Main;
				INFOPLIST_KEY_UISupportedInterfaceOrientations_iPad = "UIInterfaceOrientationPortrait UIInterfaceOrientationPortraitUpsideDown UIInterfaceOrientationLandscapeLeft UIInterfaceOrientationLandscapeRight";
				INFOPLIST_KEY_UISupportedInterfaceOrientations_iPhone = "UIInterfaceOrientationPortrait UIInterfaceOrientationLandscapeLeft UIInterfaceOrientationLandscapeRight";
				LD_RUNPATH_SEARCH_PATHS = (
					"$(inherited)",
					"@executable_path/Frameworks",
				);
				MARKETING_VERSION = 1.0;
				PRODUCT_BUNDLE_IDENTIFIER = itmo.TESTSWIFT;
				PRODUCT_NAME = "$(TARGET_NAME)";
				SWIFT_EMIT_LOC_STRINGS = YES;
				SWIFT_VERSION = 5.0;
				TARGETED_DEVICE_FAMILY = "1,2";
			};
			name = Release;
		};
		87BDCAF229525FD00011C6F8 /* Debug */ = {
			isa = XCBuildConfiguration;
			buildSettings = {
				ALWAYS_EMBED_SWIFT_STANDARD_LIBRARIES = YES;
				BUNDLE_LOADER = "$(TEST_HOST)";
				CODE_SIGN_STYLE = Automatic;
				CURRENT_PROJECT_VERSION = 1;
				GENERATE_INFOPLIST_FILE = YES;
				IPHONEOS_DEPLOYMENT_TARGET = 16.0;
				MARKETING_VERSION = 1.0;
				PRODUCT_BUNDLE_IDENTIFIER = itmo.TESTSWIFTTests;
				PRODUCT_NAME = "$(TARGET_NAME)";
				SWIFT_EMIT_LOC_STRINGS = NO;
				SWIFT_VERSION = 5.0;
				TARGETED_DEVICE_FAMILY = "1,2";
				TEST_HOST = "$(BUILT_PRODUCTS_DIR)/TESTSWIFT.app/$(BUNDLE_EXECUTABLE_FOLDER_PATH)/TESTSWIFT";
			};
			name = Debug;
		};
		87BDCAF329525FD00011C6F8 /* Release */ = {
			isa = XCBuildConfiguration;
			buildSettings = {
				ALWAYS_EMBED_SWIFT_STANDARD_LIBRARIES = YES;
				BUNDLE_LOADER = "$(TEST_HOST)";
				CODE_SIGN_STYLE = Automatic;
				CURRENT_PROJECT_VERSION = 1;
				GENERATE_INFOPLIST_FILE = YES;
				IPHONEOS_DEPLOYMENT_TARGET = 16.0;
				MARKETING_VERSION = 1.0;
				PRODUCT_BUNDLE_IDENTIFIER = itmo.TESTSWIFTTests;
				PRODUCT_NAME = "$(TARGET_NAME)";
				SWIFT_EMIT_LOC_STRINGS = NO;
				SWIFT_VERSION = 5.0;
				TARGETED_DEVICE_FAMILY = "1,2";
				TEST_HOST = "$(BUILT_PRODUCTS_DIR)/TESTSWIFT.app/$(BUNDLE_EXECUTABLE_FOLDER_PATH)/TESTSWIFT";
			};
			name = Release;
		};
		87BDCAF529525FD00011C6F8 /* Debug */ = {
			isa = XCBuildConfiguration;
			buildSettings = {
				ALWAYS_EMBED_SWIFT_STANDARD_LIBRARIES = YES;
				CODE_SIGN_STYLE = Automatic;
				CURRENT_PROJECT_VERSION = 1;
				GENERATE_INFOPLIST_FILE = YES;
				MARKETING_VERSION = 1.0;
				PRODUCT_BUNDLE_IDENTIFIER = itmo.TESTSWIFTUITests;
				PRODUCT_NAME = "$(TARGET_NAME)";
				SWIFT_EMIT_LOC_STRINGS = NO;
				SWIFT_VERSION = 5.0;
				TARGETED_DEVICE_FAMILY = "1,2";
				TEST_TARGET_NAME = TESTSWIFT;
			};
			name = Debug;
		};
		87BDCAF629525FD00011C6F8 /* Release */ = {
			isa = XCBuildConfiguration;
			buildSettings = {
				ALWAYS_EMBED_SWIFT_STANDARD_LIBRARIES = YES;
				CODE_SIGN_STYLE = Automatic;
				CURRENT_PROJECT_VERSION = 1;
				GENERATE_INFOPLIST_FILE = YES;
				MARKETING_VERSION = 1.0;
				PRODUCT_BUNDLE_IDENTIFIER = itmo.TESTSWIFTUITests;
				PRODUCT_NAME = "$(TARGET_NAME)";
				SWIFT_EMIT_LOC_STRINGS = NO;
				SWIFT_VERSION = 5.0;
				TARGETED_DEVICE_FAMILY = "1,2";
				TEST_TARGET_NAME = TESTSWIFT;
			};
			name = Release;
		};
/* End XCBuildConfiguration section */

/* Begin XCConfigurationList section */
		87BDCABF29525FCF0011C6F8 /* Build configuration list for PBXProject "TESTSWIFT" */ = {
			isa = XCConfigurationList;
			buildConfigurations = (
				87BDCAEC29525FD00011C6F8 /* Debug */,
				87BDCAED29525FD00011C6F8 /* Release */,
			);
			defaultConfigurationIsVisible = 0;
			defaultConfigurationName = Release;
		};
		87BDCAEE29525FD00011C6F8 /* Build configuration list for PBXNativeTarget "TESTSWIFT" */ = {
			isa = XCConfigurationList;
			buildConfigurations = (
				87BDCAEF29525FD00011C6F8 /* Debug */,
				87BDCAF029525FD00011C6F8 /* Release */,
			);
			defaultConfigurationIsVisible = 0;
			defaultConfigurationName = Release;
		};
		87BDCAF129525FD00011C6F8 /* Build configuration list for PBXNativeTarget "TESTSWIFTTests" */ = {
			isa = XCConfigurationList;
			buildConfigurations = (
				87BDCAF229525FD00011C6F8 /* Debug */,
				87BDCAF329525FD00011C6F8 /* Release */,
			);
			defaultConfigurationIsVisible = 0;
			defaultConfigurationName = Release;
		};
		87BDCAF429525FD00011C6F8 /* Build configuration list for PBXNativeTarget "TESTSWIFTUITests" */ = {
			isa = XCConfigurationList;
			buildConfigurations = (
				87BDCAF529525FD00011C6F8 /* Debug */,
				87BDCAF629525FD00011C6F8 /* Release */,
			);
			defaultConfigurationIsVisible = 0;
			defaultConfigurationName = Release;
		};
/* End XCConfigurationList section */
	};
	rootObject = 87BDCABC29525FCF0011C6F8 /* Project object */;
}
