// !$*UTF8*$!
{
	archiveVersion = 1;
	classes = {
	};
	objectVersion = 56;
	objects = {

/* Begin PBXBuildFile section */
		8771591B294F2B18000EDC3F /* AppDelegate.swift in Sources */ = {isa = PBXBuildFile; fileRef = 8771591A294F2B18000EDC3F /* AppDelegate.swift */; };
		8771591D294F2B18000EDC3F /* SceneDelegate.swift in Sources */ = {isa = PBXBuildFile; fileRef = 8771591C294F2B18000EDC3F /* SceneDelegate.swift */; };
		8771591F294F2B18000EDC3F /* ViewController.swift in Sources */ = {isa = PBXBuildFile; fileRef = 8771591E294F2B18000EDC3F /* ViewController.swift */; };
		87715922294F2B18000EDC3F /* Main.storyboard in Resources */ = {isa = PBXBuildFile; fileRef = 87715920294F2B18000EDC3F /* Main.storyboard */; };
		87715924294F2B18000EDC3F /* Assets.xcassets in Resources */ = {isa = PBXBuildFile; fileRef = 87715923294F2B18000EDC3F /* Assets.xcassets */; };
		87715927294F2B18000EDC3F /* LaunchScreen.storyboard in Resources */ = {isa = PBXBuildFile; fileRef = 87715925294F2B18000EDC3F /* LaunchScreen.storyboard */; };
		8771594B294F3A3D000EDC3F /* Cell.swift in Sources */ = {isa = PBXBuildFile; fileRef = 8771594A294F3A3D000EDC3F /* Cell.swift */; };
		8771594D294F3FF7000EDC3F /* Cell.xib in Resources */ = {isa = PBXBuildFile; fileRef = 8771594C294F3FF7000EDC3F /* Cell.xib */; };
		8771595B294F7D12000EDC3F /* Activity.swift in Sources */ = {isa = PBXBuildFile; fileRef = 8771595A294F7D12000EDC3F /* Activity.swift */; };
/* End PBXBuildFile section */

/* Begin PBXContainerItemProxy section */
		8771592E294F2B19000EDC3F /* PBXContainerItemProxy */ = {
			isa = PBXContainerItemProxy;
			containerPortal = 8771590F294F2B17000EDC3F /* Project object */;
			proxyType = 1;
			remoteGlobalIDString = 87715916294F2B17000EDC3F;
			remoteInfo = mobile;
		};
		87715938294F2B19000EDC3F /* PBXContainerItemProxy */ = {
			isa = PBXContainerItemProxy;
			containerPortal = 8771590F294F2B17000EDC3F /* Project object */;
			proxyType = 1;
			remoteGlobalIDString = 87715916294F2B17000EDC3F;
			remoteInfo = mobile;
		};
/* End PBXContainerItemProxy section */

/* Begin PBXFileReference section */
		87715917294F2B17000EDC3F /* mobile.app */ = {isa = PBXFileReference; explicitFileType = wrapper.application; includeInIndex = 0; path = mobile.app; sourceTree = BUILT_PRODUCTS_DIR; };
		8771591A294F2B18000EDC3F /* AppDelegate.swift */ = {isa = PBXFileReference; lastKnownFileType = sourcecode.swift; path = AppDelegate.swift; sourceTree = "<group>"; };
		8771591C294F2B18000EDC3F /* SceneDelegate.swift */ = {isa = PBXFileReference; lastKnownFileType = sourcecode.swift; path = SceneDelegate.swift; sourceTree = "<group>"; };
		8771591E294F2B18000EDC3F /* ViewController.swift */ = {isa = PBXFileReference; lastKnownFileType = sourcecode.swift; path = ViewController.swift; sourceTree = "<group>"; };
		87715921294F2B18000EDC3F /* Base */ = {isa = PBXFileReference; lastKnownFileType = file.storyboard; name = Base; path = Base.lproj/Main.storyboard; sourceTree = "<group>"; };
		87715923294F2B18000EDC3F /* Assets.xcassets */ = {isa = PBXFileReference; lastKnownFileType = folder.assetcatalog; path = Assets.xcassets; sourceTree = "<group>"; };
		87715926294F2B18000EDC3F /* Base */ = {isa = PBXFileReference; lastKnownFileType = file.storyboard; name = Base; path = Base.lproj/LaunchScreen.storyboard; sourceTree = "<group>"; };
		87715928294F2B18000EDC3F /* Info.plist */ = {isa = PBXFileReference; lastKnownFileType = text.plist.xml; path = Info.plist; sourceTree = "<group>"; };
		8771592D294F2B19000EDC3F /* mobileTests.xctest */ = {isa = PBXFileReference; explicitFileType = wrapper.cfbundle; includeInIndex = 0; path = mobileTests.xctest; sourceTree = BUILT_PRODUCTS_DIR; };
		87715937294F2B19000EDC3F /* mobileUITests.xctest */ = {isa = PBXFileReference; explicitFileType = wrapper.cfbundle; includeInIndex = 0; path = mobileUITests.xctest; sourceTree = BUILT_PRODUCTS_DIR; };
		8771594A294F3A3D000EDC3F /* Cell.swift */ = {isa = PBXFileReference; lastKnownFileType = sourcecode.swift; path = Cell.swift; sourceTree = "<group>"; };
		8771594C294F3FF7000EDC3F /* Cell.xib */ = {isa = PBXFileReference; lastKnownFileType = file.xib; path = Cell.xib; sourceTree = "<group>"; };
		8771595A294F7D12000EDC3F /* Activity.swift */ = {isa = PBXFileReference; lastKnownFileType = sourcecode.swift; path = Activity.swift; sourceTree = "<group>"; };
/* End PBXFileReference section */

/* Begin PBXFrameworksBuildPhase section */
		87715914294F2B17000EDC3F /* Frameworks */ = {
			isa = PBXFrameworksBuildPhase;
			buildActionMask = 2147483647;
			files = (
			);
			runOnlyForDeploymentPostprocessing = 0;
		};
		8771592A294F2B19000EDC3F /* Frameworks */ = {
			isa = PBXFrameworksBuildPhase;
			buildActionMask = 2147483647;
			files = (
			);
			runOnlyForDeploymentPostprocessing = 0;
		};
		87715934294F2B19000EDC3F /* Frameworks */ = {
			isa = PBXFrameworksBuildPhase;
			buildActionMask = 2147483647;
			files = (
			);
			runOnlyForDeploymentPostprocessing = 0;
		};
/* End PBXFrameworksBuildPhase section */

/* Begin PBXGroup section */
		8771590E294F2B17000EDC3F = {
			isa = PBXGroup;
			children = (
				87715919294F2B18000EDC3F /* mobile */,
				87715918294F2B17000EDC3F /* Products */,
			);
			sourceTree = "<group>";
		};
		87715918294F2B17000EDC3F /* Products */ = {
			isa = PBXGroup;
			children = (
				87715917294F2B17000EDC3F /* mobile.app */,
				8771592D294F2B19000EDC3F /* mobileTests.xctest */,
				87715937294F2B19000EDC3F /* mobileUITests.xctest */,
			);
			name = Products;
			sourceTree = "<group>";
		};
		87715919294F2B18000EDC3F /* mobile */ = {
			isa = PBXGroup;
			children = (
				8771591A294F2B18000EDC3F /* AppDelegate.swift */,
				8771591C294F2B18000EDC3F /* SceneDelegate.swift */,
				87715954294F77F2000EDC3F /* Cell */,
				8771591E294F2B18000EDC3F /* ViewController.swift */,
				8771595A294F7D12000EDC3F /* Activity.swift */,
				87715920294F2B18000EDC3F /* Main.storyboard */,
				87715923294F2B18000EDC3F /* Assets.xcassets */,
				87715925294F2B18000EDC3F /* LaunchScreen.storyboard */,
				87715928294F2B18000EDC3F /* Info.plist */,
			);
			path = mobile;
			sourceTree = "<group>";
		};
		87715954294F77F2000EDC3F /* Cell */ = {
			isa = PBXGroup;
			children = (
				8771594C294F3FF7000EDC3F /* Cell.xib */,
				8771594A294F3A3D000EDC3F /* Cell.swift */,
			);
			path = Cell;
			sourceTree = "<group>";
		};
/* End PBXGroup section */

/* Begin PBXNativeTarget section */
		87715916294F2B17000EDC3F /* mobile */ = {
			isa = PBXNativeTarget;
			buildConfigurationList = 87715941294F2B19000EDC3F /* Build configuration list for PBXNativeTarget "mobile" */;
			buildPhases = (
				87715913294F2B17000EDC3F /* Sources */,
				87715914294F2B17000EDC3F /* Frameworks */,
				87715915294F2B17000EDC3F /* Resources */,
			);
			buildRules = (
			);
			dependencies = (
			);
			name = mobile;
			productName = mobile;
			productReference = 87715917294F2B17000EDC3F /* mobile.app */;
			productType = "com.apple.product-type.application";
		};
		8771592C294F2B19000EDC3F /* mobileTests */ = {
			isa = PBXNativeTarget;
			buildConfigurationList = 87715944294F2B19000EDC3F /* Build configuration list for PBXNativeTarget "mobileTests" */;
			buildPhases = (
				87715929294F2B19000EDC3F /* Sources */,
				8771592A294F2B19000EDC3F /* Frameworks */,
				8771592B294F2B19000EDC3F /* Resources */,
			);
			buildRules = (
			);
			dependencies = (
				8771592F294F2B19000EDC3F /* PBXTargetDependency */,
			);
			name = mobileTests;
			productName = mobileTests;
			productReference = 8771592D294F2B19000EDC3F /* mobileTests.xctest */;
			productType = "com.apple.product-type.bundle.unit-test";
		};
		87715936294F2B19000EDC3F /* mobileUITests */ = {
			isa = PBXNativeTarget;
			buildConfigurationList = 87715947294F2B19000EDC3F /* Build configuration list for PBXNativeTarget "mobileUITests" */;
			buildPhases = (
				87715933294F2B19000EDC3F /* Sources */,
				87715934294F2B19000EDC3F /* Frameworks */,
				87715935294F2B19000EDC3F /* Resources */,
			);
			buildRules = (
			);
			dependencies = (
				87715939294F2B19000EDC3F /* PBXTargetDependency */,
			);
			name = mobileUITests;
			productName = mobileUITests;
			productReference = 87715937294F2B19000EDC3F /* mobileUITests.xctest */;
			productType = "com.apple.product-type.bundle.ui-testing";
		};
/* End PBXNativeTarget section */

/* Begin PBXProject section */
		8771590F294F2B17000EDC3F /* Project object */ = {
			isa = PBXProject;
			attributes = {
				BuildIndependentTargetsInParallel = 1;
				LastSwiftUpdateCheck = 1400;
				LastUpgradeCheck = 1400;
				TargetAttributes = {
					87715916294F2B17000EDC3F = {
						CreatedOnToolsVersion = 14.0.1;
					};
					8771592C294F2B19000EDC3F = {
						CreatedOnToolsVersion = 14.0.1;
						TestTargetID = 87715916294F2B17000EDC3F;
					};
					87715936294F2B19000EDC3F = {
						CreatedOnToolsVersion = 14.0.1;
						TestTargetID = 87715916294F2B17000EDC3F;
					};
				};
			};
			buildConfigurationList = 87715912294F2B17000EDC3F /* Build configuration list for PBXProject "mobile" */;
			compatibilityVersion = "Xcode 14.0";
			developmentRegion = en;
			hasScannedForEncodings = 0;
			knownRegions = (
				en,
				Base,
			);
			mainGroup = 8771590E294F2B17000EDC3F;
			productRefGroup = 87715918294F2B17000EDC3F /* Products */;
			projectDirPath = "";
			projectRoot = "";
			targets = (
				87715916294F2B17000EDC3F /* mobile */,
				8771592C294F2B19000EDC3F /* mobileTests */,
				87715936294F2B19000EDC3F /* mobileUITests */,
			);
		};
/* End PBXProject section */

/* Begin PBXResourcesBuildPhase section */
		87715915294F2B17000EDC3F /* Resources */ = {
			isa = PBXResourcesBuildPhase;
			buildActionMask = 2147483647;
			files = (
				87715927294F2B18000EDC3F /* LaunchScreen.storyboard in Resources */,
				8771594D294F3FF7000EDC3F /* Cell.xib in Resources */,
				87715924294F2B18000EDC3F /* Assets.xcassets in Resources */,
				87715922294F2B18000EDC3F /* Main.storyboard in Resources */,
			);
			runOnlyForDeploymentPostprocessing = 0;
		};
		8771592B294F2B19000EDC3F /* Resources */ = {
			isa = PBXResourcesBuildPhase;
			buildActionMask = 2147483647;
			files = (
			);
			runOnlyForDeploymentPostprocessing = 0;
		};
		87715935294F2B19000EDC3F /* Resources */ = {
			isa = PBXResourcesBuildPhase;
			buildActionMask = 2147483647;
			files = (
			);
			runOnlyForDeploymentPostprocessing = 0;
		};
/* End PBXResourcesBuildPhase section */

/* Begin PBXSourcesBuildPhase section */
		87715913294F2B17000EDC3F /* Sources */ = {
			isa = PBXSourcesBuildPhase;
			buildActionMask = 2147483647;
			files = (
				8771591F294F2B18000EDC3F /* ViewController.swift in Sources */,
				8771595B294F7D12000EDC3F /* Activity.swift in Sources */,
				8771594B294F3A3D000EDC3F /* Cell.swift in Sources */,
				8771591B294F2B18000EDC3F /* AppDelegate.swift in Sources */,
				8771591D294F2B18000EDC3F /* SceneDelegate.swift in Sources */,
			);
			runOnlyForDeploymentPostprocessing = 0;
		};
		87715929294F2B19000EDC3F /* Sources */ = {
			isa = PBXSourcesBuildPhase;
			buildActionMask = 2147483647;
			files = (
			);
			runOnlyForDeploymentPostprocessing = 0;
		};
		87715933294F2B19000EDC3F /* Sources */ = {
			isa = PBXSourcesBuildPhase;
			buildActionMask = 2147483647;
			files = (
			);
			runOnlyForDeploymentPostprocessing = 0;
		};
/* End PBXSourcesBuildPhase section */

/* Begin PBXTargetDependency section */
		8771592F294F2B19000EDC3F /* PBXTargetDependency */ = {
			isa = PBXTargetDependency;
			target = 87715916294F2B17000EDC3F /* mobile */;
			targetProxy = 8771592E294F2B19000EDC3F /* PBXContainerItemProxy */;
		};
		87715939294F2B19000EDC3F /* PBXTargetDependency */ = {
			isa = PBXTargetDependency;
			target = 87715916294F2B17000EDC3F /* mobile */;
			targetProxy = 87715938294F2B19000EDC3F /* PBXContainerItemProxy */;
		};
/* End PBXTargetDependency section */

/* Begin PBXVariantGroup section */
		87715920294F2B18000EDC3F /* Main.storyboard */ = {
			isa = PBXVariantGroup;
			children = (
				87715921294F2B18000EDC3F /* Base */,
			);
			name = Main.storyboard;
			sourceTree = "<group>";
		};
		87715925294F2B18000EDC3F /* LaunchScreen.storyboard */ = {
			isa = PBXVariantGroup;
			children = (
				87715926294F2B18000EDC3F /* Base */,
			);
			name = LaunchScreen.storyboard;
			sourceTree = "<group>";
		};
/* End PBXVariantGroup section */

/* Begin XCBuildConfiguration section */
		8771593F294F2B19000EDC3F /* Debug */ = {
			isa = XCBuildConfiguration;
			buildSettings = {
				ALWAYS_SEARCH_USER_PATHS = NO;
				CLANG_ANALYZER_NONNULL = YES;
				CLANG_ANALYZER_NUMBER_OBJECT_CONVERSION = YES_AGGRESSIVE;
				CLANG_CXX_LANGUAGE_STANDARD = "gnu++20";
				CLANG_ENABLE_MODULES = YES;
				CLANG_ENABLE_OBJC_ARC = YES;
				CLANG_ENABLE_OBJC_WEAK = YES;
				CLANG_WARN_BLOCK_CAPTURE_AUTORELEASING = YES;
				CLANG_WARN_BOOL_CONVERSION = YES;
				CLANG_WARN_COMMA = YES;
				CLANG_WARN_CONSTANT_CONVERSION = YES;
				CLANG_WARN_DEPRECATED_OBJC_IMPLEMENTATIONS = YES;
				CLANG_WARN_DIRECT_OBJC_ISA_USAGE = YES_ERROR;
				CLANG_WARN_DOCUMENTATION_COMMENTS = YES;
				CLANG_WARN_EMPTY_BODY = YES;
				CLANG_WARN_ENUM_CONVERSION = YES;
				CLANG_WARN_INFINITE_RECURSION = YES;
				CLANG_WARN_INT_CONVERSION = YES;
				CLANG_WARN_NON_LITERAL_NULL_CONVERSION = YES;
				CLANG_WARN_OBJC_IMPLICIT_RETAIN_SELF = YES;
				CLANG_WARN_OBJC_LITERAL_CONVERSION = YES;
				CLANG_WARN_OBJC_ROOT_CLASS = YES_ERROR;
				CLANG_WARN_QUOTED_INCLUDE_IN_FRAMEWORK_HEADER = YES;
				CLANG_WARN_RANGE_LOOP_ANALYSIS = YES;
				CLANG_WARN_STRICT_PROTOTYPES = YES;
				CLANG_WARN_SUSPICIOUS_MOVE = YES;
				CLANG_WARN_UNGUARDED_AVAILABILITY = YES_AGGRESSIVE;
				CLANG_WARN_UNREACHABLE_CODE = YES;
				CLANG_WARN__DUPLICATE_METHOD_MATCH = YES;
				COPY_PHASE_STRIP = NO;
				DEBUG_INFORMATION_FORMAT = dwarf;
				ENABLE_STRICT_OBJC_MSGSEND = YES;
				ENABLE_TESTABILITY = YES;
				GCC_C_LANGUAGE_STANDARD = gnu11;
				GCC_DYNAMIC_NO_PIC = NO;
				GCC_NO_COMMON_BLOCKS = YES;
				GCC_OPTIMIZATION_LEVEL = 0;
				GCC_PREPROCESSOR_DEFINITIONS = (
					"DEBUG=1",
					"$(inherited)",
				);
				GCC_WARN_64_TO_32_BIT_CONVERSION = YES;
				GCC_WARN_ABOUT_RETURN_TYPE = YES_ERROR;
				GCC_WARN_UNDECLARED_SELECTOR = YES;
				GCC_WARN_UNINITIALIZED_AUTOS = YES_AGGRESSIVE;
				GCC_WARN_UNUSED_FUNCTION = YES;
				GCC_WARN_UNUSED_VARIABLE = YES;
				IPHONEOS_DEPLOYMENT_TARGET = 16.0;
				MTL_ENABLE_DEBUG_INFO = INCLUDE_SOURCE;
				MTL_FAST_MATH = YES;
				ONLY_ACTIVE_ARCH = YES;
				SDKROOT = iphoneos;
				SWIFT_ACTIVE_COMPILATION_CONDITIONS = DEBUG;
				SWIFT_OPTIMIZATION_LEVEL = "-Onone";
			};
			name = Debug;
		};
		87715940294F2B19000EDC3F /* Release */ = {
			isa = XCBuildConfiguration;
			buildSettings = {
				ALWAYS_SEARCH_USER_PATHS = NO;
				CLANG_ANALYZER_NONNULL = YES;
				CLANG_ANALYZER_NUMBER_OBJECT_CONVERSION = YES_AGGRESSIVE;
				CLANG_CXX_LANGUAGE_STANDARD = "gnu++20";
				CLANG_ENABLE_MODULES = YES;
				CLANG_ENABLE_OBJC_ARC = YES;
				CLANG_ENABLE_OBJC_WEAK = YES;
				CLANG_WARN_BLOCK_CAPTURE_AUTORELEASING = YES;
				CLANG_WARN_BOOL_CONVERSION = YES;
				CLANG_WARN_COMMA = YES;
				CLANG_WARN_CONSTANT_CONVERSION = YES;
				CLANG_WARN_DEPRECATED_OBJC_IMPLEMENTATIONS = YES;
				CLANG_WARN_DIRECT_OBJC_ISA_USAGE = YES_ERROR;
				CLANG_WARN_DOCUMENTATION_COMMENTS = YES;
				CLANG_WARN_EMPTY_BODY = YES;
				CLANG_WARN_ENUM_CONVERSION = YES;
				CLANG_WARN_INFINITE_RECURSION = YES;
				CLANG_WARN_INT_CONVERSION = YES;
				CLANG_WARN_NON_LITERAL_NULL_CONVERSION = YES;
				CLANG_WARN_OBJC_IMPLICIT_RETAIN_SELF = YES;
				CLANG_WARN_OBJC_LITERAL_CONVERSION = YES;
				CLANG_WARN_OBJC_ROOT_CLASS = YES_ERROR;
				CLANG_WARN_QUOTED_INCLUDE_IN_FRAMEWORK_HEADER = YES;
				CLANG_WARN_RANGE_LOOP_ANALYSIS = YES;
				CLANG_WARN_STRICT_PROTOTYPES = YES;
				CLANG_WARN_SUSPICIOUS_MOVE = YES;
				CLANG_WARN_UNGUARDED_AVAILABILITY = YES_AGGRESSIVE;
				CLANG_WARN_UNREACHABLE_CODE = YES;
				CLANG_WARN__DUPLICATE_METHOD_MATCH = YES;
				COPY_PHASE_STRIP = NO;
				DEBUG_INFORMATION_FORMAT = "dwarf-with-dsym";
				ENABLE_NS_ASSERTIONS = NO;
				ENABLE_STRICT_OBJC_MSGSEND = YES;
				GCC_C_LANGUAGE_STANDARD = gnu11;
				GCC_NO_COMMON_BLOCKS = YES;
				GCC_WARN_64_TO_32_BIT_CONVERSION = YES;
				GCC_WARN_ABOUT_RETURN_TYPE = YES_ERROR;
				GCC_WARN_UNDECLARED_SELECTOR = YES;
				GCC_WARN_UNINITIALIZED_AUTOS = YES_AGGRESSIVE;
				GCC_WARN_UNUSED_FUNCTION = YES;
				GCC_WARN_UNUSED_VARIABLE = YES;
				IPHONEOS_DEPLOYMENT_TARGET = 16.0;
				MTL_ENABLE_DEBUG_INFO = NO;
				MTL_FAST_MATH = YES;
				SDKROOT = iphoneos;
				SWIFT_COMPILATION_MODE = wholemodule;
				SWIFT_OPTIMIZATION_LEVEL = "-O";
				VALIDATE_PRODUCT = YES;
			};
			name = Release;
		};
		87715942294F2B19000EDC3F /* Debug */ = {
			isa = XCBuildConfiguration;
			buildSettings = {
				ASSETCATALOG_COMPILER_APPICON_NAME = AppIcon;
				ASSETCATALOG_COMPILER_GLOBAL_ACCENT_COLOR_NAME = AccentColor;
				CODE_SIGN_STYLE = Automatic;
				CURRENT_PROJECT_VERSION = 1;
				GENERATE_INFOPLIST_FILE = YES;
				INFOPLIST_FILE = mobile/Info.plist;
				INFOPLIST_KEY_UIApplicationSupportsIndirectInputEvents = YES;
				INFOPLIST_KEY_UILaunchStoryboardName = LaunchScreen;
				INFOPLIST_KEY_UIMainStoryboardFile = Main;
				INFOPLIST_KEY_UISupportedInterfaceOrientations_iPad = "UIInterfaceOrientationPortrait UIInterfaceOrientationPortraitUpsideDown UIInterfaceOrientationLandscapeLeft UIInterfaceOrientationLandscapeRight";
				INFOPLIST_KEY_UISupportedInterfaceOrientations_iPhone = "UIInterfaceOrientationPortrait UIInterfaceOrientationLandscapeLeft UIInterfaceOrientationLandscapeRight";
				LD_RUNPATH_SEARCH_PATHS = (
					"$(inherited)",
					"@executable_path/Frameworks",
				);
				MARKETING_VERSION = 1.0;
				PRODUCT_BUNDLE_IDENTIFIER = itmo.mobile;
				PRODUCT_NAME = "$(TARGET_NAME)";
				SWIFT_EMIT_LOC_STRINGS = YES;
				SWIFT_VERSION = 5.0;
				TARGETED_DEVICE_FAMILY = "1,2";
			};
			name = Debug;
		};
		87715943294F2B19000EDC3F /* Release */ = {
			isa = XCBuildConfiguration;
			buildSettings = {
				ASSETCATALOG_COMPILER_APPICON_NAME = AppIcon;
				ASSETCATALOG_COMPILER_GLOBAL_ACCENT_COLOR_NAME = AccentColor;
				CODE_SIGN_STYLE = Automatic;
				CURRENT_PROJECT_VERSION = 1;
				GENERATE_INFOPLIST_FILE = YES;
				INFOPLIST_FILE = mobile/Info.plist;
				INFOPLIST_KEY_UIApplicationSupportsIndirectInputEvents = YES;
				INFOPLIST_KEY_UILaunchStoryboardName = LaunchScreen;
				INFOPLIST_KEY_UIMainStoryboardFile = Main;
				INFOPLIST_KEY_UISupportedInterfaceOrientations_iPad = "UIInterfaceOrientationPortrait UIInterfaceOrientationPortraitUpsideDown UIInterfaceOrientationLandscapeLeft UIInterfaceOrientationLandscapeRight";
				INFOPLIST_KEY_UISupportedInterfaceOrientations_iPhone = "UIInterfaceOrientationPortrait UIInterfaceOrientationLandscapeLeft UIInterfaceOrientationLandscapeRight";
				LD_RUNPATH_SEARCH_PATHS = (
					"$(inherited)",
					"@executable_path/Frameworks",
				);
				MARKETING_VERSION = 1.0;
				PRODUCT_BUNDLE_IDENTIFIER = itmo.mobile;
				PRODUCT_NAME = "$(TARGET_NAME)";
				SWIFT_EMIT_LOC_STRINGS = YES;
				SWIFT_VERSION = 5.0;
				TARGETED_DEVICE_FAMILY = "1,2";
			};
			name = Release;
		};
		87715945294F2B19000EDC3F /* Debug */ = {
			isa = XCBuildConfiguration;
			buildSettings = {
				ALWAYS_EMBED_SWIFT_STANDARD_LIBRARIES = YES;
				BUNDLE_LOADER = "$(TEST_HOST)";
				CODE_SIGN_STYLE = Automatic;
				CURRENT_PROJECT_VERSION = 1;
				GENERATE_INFOPLIST_FILE = YES;
				IPHONEOS_DEPLOYMENT_TARGET = 16.0;
				MARKETING_VERSION = 1.0;
				PRODUCT_BUNDLE_IDENTIFIER = itmo.mobileTests;
				PRODUCT_NAME = "$(TARGET_NAME)";
				SWIFT_EMIT_LOC_STRINGS = NO;
				SWIFT_VERSION = 5.0;
				TARGETED_DEVICE_FAMILY = "1,2";
				TEST_HOST = "$(BUILT_PRODUCTS_DIR)/mobile.app/$(BUNDLE_EXECUTABLE_FOLDER_PATH)/mobile";
			};
			name = Debug;
		};
		87715946294F2B19000EDC3F /* Release */ = {
			isa = XCBuildConfiguration;
			buildSettings = {
				ALWAYS_EMBED_SWIFT_STANDARD_LIBRARIES = YES;
				BUNDLE_LOADER = "$(TEST_HOST)";
				CODE_SIGN_STYLE = Automatic;
				CURRENT_PROJECT_VERSION = 1;
				GENERATE_INFOPLIST_FILE = YES;
				IPHONEOS_DEPLOYMENT_TARGET = 16.0;
				MARKETING_VERSION = 1.0;
				PRODUCT_BUNDLE_IDENTIFIER = itmo.mobileTests;
				PRODUCT_NAME = "$(TARGET_NAME)";
				SWIFT_EMIT_LOC_STRINGS = NO;
				SWIFT_VERSION = 5.0;
				TARGETED_DEVICE_FAMILY = "1,2";
				TEST_HOST = "$(BUILT_PRODUCTS_DIR)/mobile.app/$(BUNDLE_EXECUTABLE_FOLDER_PATH)/mobile";
			};
			name = Release;
		};
		87715948294F2B19000EDC3F /* Debug */ = {
			isa = XCBuildConfiguration;
			buildSettings = {
				ALWAYS_EMBED_SWIFT_STANDARD_LIBRARIES = YES;
				CODE_SIGN_STYLE = Automatic;
				CURRENT_PROJECT_VERSION = 1;
				GENERATE_INFOPLIST_FILE = YES;
				MARKETING_VERSION = 1.0;
				PRODUCT_BUNDLE_IDENTIFIER = itmo.mobileUITests;
				PRODUCT_NAME = "$(TARGET_NAME)";
				SWIFT_EMIT_LOC_STRINGS = NO;
				SWIFT_VERSION = 5.0;
				TARGETED_DEVICE_FAMILY = "1,2";
				TEST_TARGET_NAME = mobile;
			};
			name = Debug;
		};
		87715949294F2B19000EDC3F /* Release */ = {
			isa = XCBuildConfiguration;
			buildSettings = {
				ALWAYS_EMBED_SWIFT_STANDARD_LIBRARIES = YES;
				CODE_SIGN_STYLE = Automatic;
				CURRENT_PROJECT_VERSION = 1;
				GENERATE_INFOPLIST_FILE = YES;
				MARKETING_VERSION = 1.0;
				PRODUCT_BUNDLE_IDENTIFIER = itmo.mobileUITests;
				PRODUCT_NAME = "$(TARGET_NAME)";
				SWIFT_EMIT_LOC_STRINGS = NO;
				SWIFT_VERSION = 5.0;
				TARGETED_DEVICE_FAMILY = "1,2";
				TEST_TARGET_NAME = mobile;
			};
			name = Release;
		};
/* End XCBuildConfiguration section */

/* Begin XCConfigurationList section */
		87715912294F2B17000EDC3F /* Build configuration list for PBXProject "mobile" */ = {
			isa = XCConfigurationList;
			buildConfigurations = (
				8771593F294F2B19000EDC3F /* Debug */,
				87715940294F2B19000EDC3F /* Release */,
			);
			defaultConfigurationIsVisible = 0;
			defaultConfigurationName = Release;
		};
		87715941294F2B19000EDC3F /* Build configuration list for PBXNativeTarget "mobile" */ = {
			isa = XCConfigurationList;
			buildConfigurations = (
				87715942294F2B19000EDC3F /* Debug */,
				87715943294F2B19000EDC3F /* Release */,
			);
			defaultConfigurationIsVisible = 0;
			defaultConfigurationName = Release;
		};
		87715944294F2B19000EDC3F /* Build configuration list for PBXNativeTarget "mobileTests" */ = {
			isa = XCConfigurationList;
			buildConfigurations = (
				87715945294F2B19000EDC3F /* Debug */,
				87715946294F2B19000EDC3F /* Release */,
			);
			defaultConfigurationIsVisible = 0;
			defaultConfigurationName = Release;
		};
		87715947294F2B19000EDC3F /* Build configuration list for PBXNativeTarget "mobileUITests" */ = {
			isa = XCConfigurationList;
			buildConfigurations = (
				87715948294F2B19000EDC3F /* Debug */,
				87715949294F2B19000EDC3F /* Release */,
			);
			defaultConfigurationIsVisible = 0;
			defaultConfigurationName = Release;
		};
/* End XCConfigurationList section */
	};
	rootObject = 8771590F294F2B17000EDC3F /* Project object */;
}
