// !$*UTF8*$!
{
	archiveVersion = 1;
	classes = {
	};
	objectVersion = 56;
	objects = {

/* Begin PBXBuildFile section */
		87765ABF2999171A001305B8 /* AppDelegate.swift in Sources */ = {isa = PBXBuildFile; fileRef = 87765ABE2999171A001305B8 /* AppDelegate.swift */; };
		87765AC12999171A001305B8 /* SceneDelegate.swift in Sources */ = {isa = PBXBuildFile; fileRef = 87765AC02999171A001305B8 /* SceneDelegate.swift */; };
		87765AC32999171A001305B8 /* ViewController.swift in Sources */ = {isa = PBXBuildFile; fileRef = 87765AC22999171A001305B8 /* ViewController.swift */; };
		87765AC62999171A001305B8 /* Main.storyboard in Resources */ = {isa = PBXBuildFile; fileRef = 87765AC42999171A001305B8 /* Main.storyboard */; };
		87765AC92999171A001305B8 /* siriusIl.xcdatamodeld in Sources */ = {isa = PBXBuildFile; fileRef = 87765AC72999171A001305B8 /* siriusIl.xcdatamodeld */; };
		87765ACB2999171B001305B8 /* Assets.xcassets in Resources */ = {isa = PBXBuildFile; fileRef = 87765ACA2999171B001305B8 /* Assets.xcassets */; };
		87765ACE2999171B001305B8 /* LaunchScreen.storyboard in Resources */ = {isa = PBXBuildFile; fileRef = 87765ACC2999171B001305B8 /* LaunchScreen.storyboard */; };
		87765AD92999171B001305B8 /* siriusIlTests.swift in Sources */ = {isa = PBXBuildFile; fileRef = 87765AD82999171B001305B8 /* siriusIlTests.swift */; };
		87765AE32999171B001305B8 /* siriusIlUITests.swift in Sources */ = {isa = PBXBuildFile; fileRef = 87765AE22999171B001305B8 /* siriusIlUITests.swift */; };
		87765AE52999171B001305B8 /* siriusIlUITestsLaunchTests.swift in Sources */ = {isa = PBXBuildFile; fileRef = 87765AE42999171B001305B8 /* siriusIlUITestsLaunchTests.swift */; };
/* End PBXBuildFile section */

/* Begin PBXContainerItemProxy section */
		87765AD52999171B001305B8 /* PBXContainerItemProxy */ = {
			isa = PBXContainerItemProxy;
			containerPortal = 87765AB32999171A001305B8 /* Project object */;
			proxyType = 1;
			remoteGlobalIDString = 87765ABA2999171A001305B8;
			remoteInfo = siriusIl;
		};
		87765ADF2999171B001305B8 /* PBXContainerItemProxy */ = {
			isa = PBXContainerItemProxy;
			containerPortal = 87765AB32999171A001305B8 /* Project object */;
			proxyType = 1;
			remoteGlobalIDString = 87765ABA2999171A001305B8;
			remoteInfo = siriusIl;
		};
/* End PBXContainerItemProxy section */

/* Begin PBXFileReference section */
		87765ABB2999171A001305B8 /* siriusIl.app */ = {isa = PBXFileReference; explicitFileType = wrapper.application; includeInIndex = 0; path = siriusIl.app; sourceTree = BUILT_PRODUCTS_DIR; };
		87765ABE2999171A001305B8 /* AppDelegate.swift */ = {isa = PBXFileReference; lastKnownFileType = sourcecode.swift; path = AppDelegate.swift; sourceTree = "<group>"; };
		87765AC02999171A001305B8 /* SceneDelegate.swift */ = {isa = PBXFileReference; lastKnownFileType = sourcecode.swift; path = SceneDelegate.swift; sourceTree = "<group>"; };
		87765AC22999171A001305B8 /* ViewController.swift */ = {isa = PBXFileReference; lastKnownFileType = sourcecode.swift; path = ViewController.swift; sourceTree = "<group>"; };
		87765AC52999171A001305B8 /* Base */ = {isa = PBXFileReference; lastKnownFileType = file.storyboard; name = Base; path = Base.lproj/Main.storyboard; sourceTree = "<group>"; };
		87765AC82999171A001305B8 /* siriusIl.xcdatamodel */ = {isa = PBXFileReference; lastKnownFileType = wrapper.xcdatamodel; path = siriusIl.xcdatamodel; sourceTree = "<group>"; };
		87765ACA2999171B001305B8 /* Assets.xcassets */ = {isa = PBXFileReference; lastKnownFileType = folder.assetcatalog; path = Assets.xcassets; sourceTree = "<group>"; };
		87765ACD2999171B001305B8 /* Base */ = {isa = PBXFileReference; lastKnownFileType = file.storyboard; name = Base; path = Base.lproj/LaunchScreen.storyboard; sourceTree = "<group>"; };
		87765ACF2999171B001305B8 /* Info.plist */ = {isa = PBXFileReference; lastKnownFileType = text.plist.xml; path = Info.plist; sourceTree = "<group>"; };
		87765AD42999171B001305B8 /* siriusIlTests.xctest */ = {isa = PBXFileReference; explicitFileType = wrapper.cfbundle; includeInIndex = 0; path = siriusIlTests.xctest; sourceTree = BUILT_PRODUCTS_DIR; };
		87765AD82999171B001305B8 /* siriusIlTests.swift */ = {isa = PBXFileReference; lastKnownFileType = sourcecode.swift; path = siriusIlTests.swift; sourceTree = "<group>"; };
		87765ADE2999171B001305B8 /* siriusIlUITests.xctest */ = {isa = PBXFileReference; explicitFileType = wrapper.cfbundle; includeInIndex = 0; path = siriusIlUITests.xctest; sourceTree = BUILT_PRODUCTS_DIR; };
		87765AE22999171B001305B8 /* siriusIlUITests.swift */ = {isa = PBXFileReference; lastKnownFileType = sourcecode.swift; path = siriusIlUITests.swift; sourceTree = "<group>"; };
		87765AE42999171B001305B8 /* siriusIlUITestsLaunchTests.swift */ = {isa = PBXFileReference; lastKnownFileType = sourcecode.swift; path = siriusIlUITestsLaunchTests.swift; sourceTree = "<group>"; };
/* End PBXFileReference section */

/* Begin PBXFrameworksBuildPhase section */
		87765AB82999171A001305B8 /* Frameworks */ = {
			isa = PBXFrameworksBuildPhase;
			buildActionMask = 2147483647;
			files = (
			);
			runOnlyForDeploymentPostprocessing = 0;
		};
		87765AD12999171B001305B8 /* Frameworks */ = {
			isa = PBXFrameworksBuildPhase;
			buildActionMask = 2147483647;
			files = (
			);
			runOnlyForDeploymentPostprocessing = 0;
		};
		87765ADB2999171B001305B8 /* Frameworks */ = {
			isa = PBXFrameworksBuildPhase;
			buildActionMask = 2147483647;
			files = (
			);
			runOnlyForDeploymentPostprocessing = 0;
		};
/* End PBXFrameworksBuildPhase section */

/* Begin PBXGroup section */
		87765AB22999171A001305B8 = {
			isa = PBXGroup;
			children = (
				87765ABD2999171A001305B8 /* siriusIl */,
				87765AD72999171B001305B8 /* siriusIlTests */,
				87765AE12999171B001305B8 /* siriusIlUITests */,
				87765ABC2999171A001305B8 /* Products */,
			);
			sourceTree = "<group>";
		};
		87765ABC2999171A001305B8 /* Products */ = {
			isa = PBXGroup;
			children = (
				87765ABB2999171A001305B8 /* siriusIl.app */,
				87765AD42999171B001305B8 /* siriusIlTests.xctest */,
				87765ADE2999171B001305B8 /* siriusIlUITests.xctest */,
			);
			name = Products;
			sourceTree = "<group>";
		};
		87765ABD2999171A001305B8 /* siriusIl */ = {
			isa = PBXGroup;
			children = (
				87765ABE2999171A001305B8 /* AppDelegate.swift */,
				87765AC02999171A001305B8 /* SceneDelegate.swift */,
				87765AC22999171A001305B8 /* ViewController.swift */,
				87765AC42999171A001305B8 /* Main.storyboard */,
				87765ACA2999171B001305B8 /* Assets.xcassets */,
				87765ACC2999171B001305B8 /* LaunchScreen.storyboard */,
				87765ACF2999171B001305B8 /* Info.plist */,
				87765AC72999171A001305B8 /* siriusIl.xcdatamodeld */,
			);
			path = siriusIl;
			sourceTree = "<group>";
		};
		87765AD72999171B001305B8 /* siriusIlTests */ = {
			isa = PBXGroup;
			children = (
				87765AD82999171B001305B8 /* siriusIlTests.swift */,
			);
			path = siriusIlTests;
			sourceTree = "<group>";
		};
		87765AE12999171B001305B8 /* siriusIlUITests */ = {
			isa = PBXGroup;
			children = (
				87765AE22999171B001305B8 /* siriusIlUITests.swift */,
				87765AE42999171B001305B8 /* siriusIlUITestsLaunchTests.swift */,
			);
			path = siriusIlUITests;
			sourceTree = "<group>";
		};
/* End PBXGroup section */

/* Begin PBXNativeTarget section */
		87765ABA2999171A001305B8 /* siriusIl */ = {
			isa = PBXNativeTarget;
			buildConfigurationList = 87765AE82999171B001305B8 /* Build configuration list for PBXNativeTarget "siriusIl" */;
			buildPhases = (
				87765AB72999171A001305B8 /* Sources */,
				87765AB82999171A001305B8 /* Frameworks */,
				87765AB92999171A001305B8 /* Resources */,
			);
			buildRules = (
			);
			dependencies = (
			);
			name = siriusIl;
			productName = siriusIl;
			productReference = 87765ABB2999171A001305B8 /* siriusIl.app */;
			productType = "com.apple.product-type.application";
		};
		87765AD32999171B001305B8 /* siriusIlTests */ = {
			isa = PBXNativeTarget;
			buildConfigurationList = 87765AEB2999171B001305B8 /* Build configuration list for PBXNativeTarget "siriusIlTests" */;
			buildPhases = (
				87765AD02999171B001305B8 /* Sources */,
				87765AD12999171B001305B8 /* Frameworks */,
				87765AD22999171B001305B8 /* Resources */,
			);
			buildRules = (
			);
			dependencies = (
				87765AD62999171B001305B8 /* PBXTargetDependency */,
			);
			name = siriusIlTests;
			productName = siriusIlTests;
			productReference = 87765AD42999171B001305B8 /* siriusIlTests.xctest */;
			productType = "com.apple.product-type.bundle.unit-test";
		};
		87765ADD2999171B001305B8 /* siriusIlUITests */ = {
			isa = PBXNativeTarget;
			buildConfigurationList = 87765AEE2999171B001305B8 /* Build configuration list for PBXNativeTarget "siriusIlUITests" */;
			buildPhases = (
				87765ADA2999171B001305B8 /* Sources */,
				87765ADB2999171B001305B8 /* Frameworks */,
				87765ADC2999171B001305B8 /* Resources */,
			);
			buildRules = (
			);
			dependencies = (
				87765AE02999171B001305B8 /* PBXTargetDependency */,
			);
			name = siriusIlUITests;
			productName = siriusIlUITests;
			productReference = 87765ADE2999171B001305B8 /* siriusIlUITests.xctest */;
			productType = "com.apple.product-type.bundle.ui-testing";
		};
/* End PBXNativeTarget section */

/* Begin PBXProject section */
		87765AB32999171A001305B8 /* Project object */ = {
			isa = PBXProject;
			attributes = {
				BuildIndependentTargetsInParallel = 1;
				LastSwiftUpdateCheck = 1400;
				LastUpgradeCheck = 1400;
				TargetAttributes = {
					87765ABA2999171A001305B8 = {
						CreatedOnToolsVersion = 14.0.1;
					};
					87765AD32999171B001305B8 = {
						CreatedOnToolsVersion = 14.0.1;
						TestTargetID = 87765ABA2999171A001305B8;
					};
					87765ADD2999171B001305B8 = {
						CreatedOnToolsVersion = 14.0.1;
						TestTargetID = 87765ABA2999171A001305B8;
					};
				};
			};
			buildConfigurationList = 87765AB62999171A001305B8 /* Build configuration list for PBXProject "siriusIl" */;
			compatibilityVersion = "Xcode 14.0";
			developmentRegion = en;
			hasScannedForEncodings = 0;
			knownRegions = (
				en,
				Base,
			);
			mainGroup = 87765AB22999171A001305B8;
			productRefGroup = 87765ABC2999171A001305B8 /* Products */;
			projectDirPath = "";
			projectRoot = "";
			targets = (
				87765ABA2999171A001305B8 /* siriusIl */,
				87765AD32999171B001305B8 /* siriusIlTests */,
				87765ADD2999171B001305B8 /* siriusIlUITests */,
			);
		};
/* End PBXProject section */

/* Begin PBXResourcesBuildPhase section */
		87765AB92999171A001305B8 /* Resources */ = {
			isa = PBXResourcesBuildPhase;
			buildActionMask = 2147483647;
			files = (
				87765ACE2999171B001305B8 /* LaunchScreen.storyboard in Resources */,
				87765ACB2999171B001305B8 /* Assets.xcassets in Resources */,
				87765AC62999171A001305B8 /* Main.storyboard in Resources */,
			);
			runOnlyForDeploymentPostprocessing = 0;
		};
		87765AD22999171B001305B8 /* Resources */ = {
			isa = PBXResourcesBuildPhase;
			buildActionMask = 2147483647;
			files = (
			);
			runOnlyForDeploymentPostprocessing = 0;
		};
		87765ADC2999171B001305B8 /* Resources */ = {
			isa = PBXResourcesBuildPhase;
			buildActionMask = 2147483647;
			files = (
			);
			runOnlyForDeploymentPostprocessing = 0;
		};
/* End PBXResourcesBuildPhase section */

/* Begin PBXSourcesBuildPhase section */
		87765AB72999171A001305B8 /* Sources */ = {
			isa = PBXSourcesBuildPhase;
			buildActionMask = 2147483647;
			files = (
				87765AC32999171A001305B8 /* ViewController.swift in Sources */,
				87765AC92999171A001305B8 /* siriusIl.xcdatamodeld in Sources */,
				87765ABF2999171A001305B8 /* AppDelegate.swift in Sources */,
				87765AC12999171A001305B8 /* SceneDelegate.swift in Sources */,
			);
			runOnlyForDeploymentPostprocessing = 0;
		};
		87765AD02999171B001305B8 /* Sources */ = {
			isa = PBXSourcesBuildPhase;
			buildActionMask = 2147483647;
			files = (
				87765AD92999171B001305B8 /* siriusIlTests.swift in Sources */,
			);
			runOnlyForDeploymentPostprocessing = 0;
		};
		87765ADA2999171B001305B8 /* Sources */ = {
			isa = PBXSourcesBuildPhase;
			buildActionMask = 2147483647;
			files = (
				87765AE52999171B001305B8 /* siriusIlUITestsLaunchTests.swift in Sources */,
				87765AE32999171B001305B8 /* siriusIlUITests.swift in Sources */,
			);
			runOnlyForDeploymentPostprocessing = 0;
		};
/* End PBXSourcesBuildPhase section */

/* Begin PBXTargetDependency section */
		87765AD62999171B001305B8 /* PBXTargetDependency */ = {
			isa = PBXTargetDependency;
			target = 87765ABA2999171A001305B8 /* siriusIl */;
			targetProxy = 87765AD52999171B001305B8 /* PBXContainerItemProxy */;
		};
		87765AE02999171B001305B8 /* PBXTargetDependency */ = {
			isa = PBXTargetDependency;
			target = 87765ABA2999171A001305B8 /* siriusIl */;
			targetProxy = 87765ADF2999171B001305B8 /* PBXContainerItemProxy */;
		};
/* End PBXTargetDependency section */

/* Begin PBXVariantGroup section */
		87765AC42999171A001305B8 /* Main.storyboard */ = {
			isa = PBXVariantGroup;
			children = (
				87765AC52999171A001305B8 /* Base */,
			);
			name = Main.storyboard;
			sourceTree = "<group>";
		};
		87765ACC2999171B001305B8 /* LaunchScreen.storyboard */ = {
			isa = PBXVariantGroup;
			children = (
				87765ACD2999171B001305B8 /* Base */,
			);
			name = LaunchScreen.storyboard;
			sourceTree = "<group>";
		};
/* End PBXVariantGroup section */

/* Begin XCBuildConfiguration section */
		87765AE62999171B001305B8 /* Debug */ = {
			isa = XCBuildConfiguration;
			buildSettings = {
				ALWAYS_SEARCH_USER_PATHS = NO;
				CLANG_ANALYZER_NONNULL = YES;
				CLANG_ANALYZER_NUMBER_OBJECT_CONVERSION = YES_AGGRESSIVE;
				CLANG_CXX_LANGUAGE_STANDARD = "gnu++20";
				CLANG_ENABLE_MODULES = YES;
				CLANG_ENABLE_OBJC_ARC = YES;
				CLANG_ENABLE_OBJC_WEAK = YES;
				CLANG_WARN_BLOCK_CAPTURE_AUTORELEASING = YES;
				CLANG_WARN_BOOL_CONVERSION = YES;
				CLANG_WARN_COMMA = YES;
				CLANG_WARN_CONSTANT_CONVERSION = YES;
				CLANG_WARN_DEPRECATED_OBJC_IMPLEMENTATIONS = YES;
				CLANG_WARN_DIRECT_OBJC_ISA_USAGE = YES_ERROR;
				CLANG_WARN_DOCUMENTATION_COMMENTS = YES;
				CLANG_WARN_EMPTY_BODY = YES;
				CLANG_WARN_ENUM_CONVERSION = YES;
				CLANG_WARN_INFINITE_RECURSION = YES;
				CLANG_WARN_INT_CONVERSION = YES;
				CLANG_WARN_NON_LITERAL_NULL_CONVERSION = YES;
				CLANG_WARN_OBJC_IMPLICIT_RETAIN_SELF = YES;
				CLANG_WARN_OBJC_LITERAL_CONVERSION = YES;
				CLANG_WARN_OBJC_ROOT_CLASS = YES_ERROR;
				CLANG_WARN_QUOTED_INCLUDE_IN_FRAMEWORK_HEADER = YES;
				CLANG_WARN_RANGE_LOOP_ANALYSIS = YES;
				CLANG_WARN_STRICT_PROTOTYPES = YES;
				CLANG_WARN_SUSPICIOUS_MOVE = YES;
				CLANG_WARN_UNGUARDED_AVAILABILITY = YES_AGGRESSIVE;
				CLANG_WARN_UNREACHABLE_CODE = YES;
				CLANG_WARN__DUPLICATE_METHOD_MATCH = YES;
				COPY_PHASE_STRIP = NO;
				DEBUG_INFORMATION_FORMAT = dwarf;
				ENABLE_STRICT_OBJC_MSGSEND = YES;
				ENABLE_TESTABILITY = YES;
				GCC_C_LANGUAGE_STANDARD = gnu11;
				GCC_DYNAMIC_NO_PIC = NO;
				GCC_NO_COMMON_BLOCKS = YES;
				GCC_OPTIMIZATION_LEVEL = 0;
				GCC_PREPROCESSOR_DEFINITIONS = (
					"DEBUG=1",
					"$(inherited)",
				);
				GCC_WARN_64_TO_32_BIT_CONVERSION = YES;
				GCC_WARN_ABOUT_RETURN_TYPE = YES_ERROR;
				GCC_WARN_UNDECLARED_SELECTOR = YES;
				GCC_WARN_UNINITIALIZED_AUTOS = YES_AGGRESSIVE;
				GCC_WARN_UNUSED_FUNCTION = YES;
				GCC_WARN_UNUSED_VARIABLE = YES;
				IPHONEOS_DEPLOYMENT_TARGET = 16.0;
				MTL_ENABLE_DEBUG_INFO = INCLUDE_SOURCE;
				MTL_FAST_MATH = YES;
				ONLY_ACTIVE_ARCH = YES;
				SDKROOT = iphoneos;
				SWIFT_ACTIVE_COMPILATION_CONDITIONS = DEBUG;
				SWIFT_OPTIMIZATION_LEVEL = "-Onone";
			};
			name = Debug;
		};
		87765AE72999171B001305B8 /* Release */ = {
			isa = XCBuildConfiguration;
			buildSettings = {
				ALWAYS_SEARCH_USER_PATHS = NO;
				CLANG_ANALYZER_NONNULL = YES;
				CLANG_ANALYZER_NUMBER_OBJECT_CONVERSION = YES_AGGRESSIVE;
				CLANG_CXX_LANGUAGE_STANDARD = "gnu++20";
				CLANG_ENABLE_MODULES = YES;
				CLANG_ENABLE_OBJC_ARC = YES;
				CLANG_ENABLE_OBJC_WEAK = YES;
				CLANG_WARN_BLOCK_CAPTURE_AUTORELEASING = YES;
				CLANG_WARN_BOOL_CONVERSION = YES;
				CLANG_WARN_COMMA = YES;
				CLANG_WARN_CONSTANT_CONVERSION = YES;
				CLANG_WARN_DEPRECATED_OBJC_IMPLEMENTATIONS = YES;
				CLANG_WARN_DIRECT_OBJC_ISA_USAGE = YES_ERROR;
				CLANG_WARN_DOCUMENTATION_COMMENTS = YES;
				CLANG_WARN_EMPTY_BODY = YES;
				CLANG_WARN_ENUM_CONVERSION = YES;
				CLANG_WARN_INFINITE_RECURSION = YES;
				CLANG_WARN_INT_CONVERSION = YES;
				CLANG_WARN_NON_LITERAL_NULL_CONVERSION = YES;
				CLANG_WARN_OBJC_IMPLICIT_RETAIN_SELF = YES;
				CLANG_WARN_OBJC_LITERAL_CONVERSION = YES;
				CLANG_WARN_OBJC_ROOT_CLASS = YES_ERROR;
				CLANG_WARN_QUOTED_INCLUDE_IN_FRAMEWORK_HEADER = YES;
				CLANG_WARN_RANGE_LOOP_ANALYSIS = YES;
				CLANG_WARN_STRICT_PROTOTYPES = YES;
				CLANG_WARN_SUSPICIOUS_MOVE = YES;
				CLANG_WARN_UNGUARDED_AVAILABILITY = YES_AGGRESSIVE;
				CLANG_WARN_UNREACHABLE_CODE = YES;
				CLANG_WARN__DUPLICATE_METHOD_MATCH = YES;
				COPY_PHASE_STRIP = NO;
				DEBUG_INFORMATION_FORMAT = "dwarf-with-dsym";
				ENABLE_NS_ASSERTIONS = NO;
				ENABLE_STRICT_OBJC_MSGSEND = YES;
				GCC_C_LANGUAGE_STANDARD = gnu11;
				GCC_NO_COMMON_BLOCKS = YES;
				GCC_WARN_64_TO_32_BIT_CONVERSION = YES;
				GCC_WARN_ABOUT_RETURN_TYPE = YES_ERROR;
				GCC_WARN_UNDECLARED_SELECTOR = YES;
				GCC_WARN_UNINITIALIZED_AUTOS = YES_AGGRESSIVE;
				GCC_WARN_UNUSED_FUNCTION = YES;
				GCC_WARN_UNUSED_VARIABLE = YES;
				IPHONEOS_DEPLOYMENT_TARGET = 16.0;
				MTL_ENABLE_DEBUG_INFO = NO;
				MTL_FAST_MATH = YES;
				SDKROOT = iphoneos;
				SWIFT_COMPILATION_MODE = wholemodule;
				SWIFT_OPTIMIZATION_LEVEL = "-O";
				VALIDATE_PRODUCT = YES;
			};
			name = Release;
		};
		87765AE92999171B001305B8 /* Debug */ = {
			isa = XCBuildConfiguration;
			buildSettings = {
				ASSETCATALOG_COMPILER_APPICON_NAME = AppIcon;
				ASSETCATALOG_COMPILER_GLOBAL_ACCENT_COLOR_NAME = AccentColor;
				CODE_SIGN_STYLE = Automatic;
				CURRENT_PROJECT_VERSION = 1;
				GENERATE_INFOPLIST_FILE = YES;
				INFOPLIST_FILE = siriusIl/Info.plist;
				INFOPLIST_KEY_UIApplicationSupportsIndirectInputEvents = YES;
				INFOPLIST_KEY_UILaunchStoryboardName = LaunchScreen;
				INFOPLIST_KEY_UIMainStoryboardFile = Main;
				INFOPLIST_KEY_UISupportedInterfaceOrientations_iPad = "UIInterfaceOrientationPortrait UIInterfaceOrientationPortraitUpsideDown UIInterfaceOrientationLandscapeLeft UIInterfaceOrientationLandscapeRight";
				INFOPLIST_KEY_UISupportedInterfaceOrientations_iPhone = "UIInterfaceOrientationPortrait UIInterfaceOrientationLandscapeLeft UIInterfaceOrientationLandscapeRight";
				LD_RUNPATH_SEARCH_PATHS = (
					"$(inherited)",
					"@executable_path/Frameworks",
				);
				MARKETING_VERSION = 1.0;
				PRODUCT_BUNDLE_IDENTIFIER = il.siriusIl;
				PRODUCT_NAME = "$(TARGET_NAME)";
				SWIFT_EMIT_LOC_STRINGS = YES;
				SWIFT_VERSION = 5.0;
				TARGETED_DEVICE_FAMILY = "1,2";
			};
			name = Debug;
		};
		87765AEA2999171B001305B8 /* Release */ = {
			isa = XCBuildConfiguration;
			buildSettings = {
				ASSETCATALOG_COMPILER_APPICON_NAME = AppIcon;
				ASSETCATALOG_COMPILER_GLOBAL_ACCENT_COLOR_NAME = AccentColor;
				CODE_SIGN_STYLE = Automatic;
				CURRENT_PROJECT_VERSION = 1;
				GENERATE_INFOPLIST_FILE = YES;
				INFOPLIST_FILE = siriusIl/Info.plist;
				INFOPLIST_KEY_UIApplicationSupportsIndirectInputEvents = YES;
				INFOPLIST_KEY_UILaunchStoryboardName = LaunchScreen;
				INFOPLIST_KEY_UIMainStoryboardFile = Main;
				INFOPLIST_KEY_UISupportedInterfaceOrientations_iPad = "UIInterfaceOrientationPortrait UIInterfaceOrientationPortraitUpsideDown UIInterfaceOrientationLandscapeLeft UIInterfaceOrientationLandscapeRight";
				INFOPLIST_KEY_UISupportedInterfaceOrientations_iPhone = "UIInterfaceOrientationPortrait UIInterfaceOrientationLandscapeLeft UIInterfaceOrientationLandscapeRight";
				LD_RUNPATH_SEARCH_PATHS = (
					"$(inherited)",
					"@executable_path/Frameworks",
				);
				MARKETING_VERSION = 1.0;
				PRODUCT_BUNDLE_IDENTIFIER = il.siriusIl;
				PRODUCT_NAME = "$(TARGET_NAME)";
				SWIFT_EMIT_LOC_STRINGS = YES;
				SWIFT_VERSION = 5.0;
				TARGETED_DEVICE_FAMILY = "1,2";
			};
			name = Release;
		};
		87765AEC2999171B001305B8 /* Debug */ = {
			isa = XCBuildConfiguration;
			buildSettings = {
				ALWAYS_EMBED_SWIFT_STANDARD_LIBRARIES = YES;
				BUNDLE_LOADER = "$(TEST_HOST)";
				CODE_SIGN_STYLE = Automatic;
				CURRENT_PROJECT_VERSION = 1;
				GENERATE_INFOPLIST_FILE = YES;
				IPHONEOS_DEPLOYMENT_TARGET = 16.0;
				MARKETING_VERSION = 1.0;
				PRODUCT_BUNDLE_IDENTIFIER = il.siriusIlTests;
				PRODUCT_NAME = "$(TARGET_NAME)";
				SWIFT_EMIT_LOC_STRINGS = NO;
				SWIFT_VERSION = 5.0;
				TARGETED_DEVICE_FAMILY = "1,2";
				TEST_HOST = "$(BUILT_PRODUCTS_DIR)/siriusIl.app/$(BUNDLE_EXECUTABLE_FOLDER_PATH)/siriusIl";
			};
			name = Debug;
		};
		87765AED2999171B001305B8 /* Release */ = {
			isa = XCBuildConfiguration;
			buildSettings = {
				ALWAYS_EMBED_SWIFT_STANDARD_LIBRARIES = YES;
				BUNDLE_LOADER = "$(TEST_HOST)";
				CODE_SIGN_STYLE = Automatic;
				CURRENT_PROJECT_VERSION = 1;
				GENERATE_INFOPLIST_FILE = YES;
				IPHONEOS_DEPLOYMENT_TARGET = 16.0;
				MARKETING_VERSION = 1.0;
				PRODUCT_BUNDLE_IDENTIFIER = il.siriusIlTests;
				PRODUCT_NAME = "$(TARGET_NAME)";
				SWIFT_EMIT_LOC_STRINGS = NO;
				SWIFT_VERSION = 5.0;
				TARGETED_DEVICE_FAMILY = "1,2";
				TEST_HOST = "$(BUILT_PRODUCTS_DIR)/siriusIl.app/$(BUNDLE_EXECUTABLE_FOLDER_PATH)/siriusIl";
			};
			name = Release;
		};
		87765AEF2999171B001305B8 /* Debug */ = {
			isa = XCBuildConfiguration;
			buildSettings = {
				ALWAYS_EMBED_SWIFT_STANDARD_LIBRARIES = YES;
				CODE_SIGN_STYLE = Automatic;
				CURRENT_PROJECT_VERSION = 1;
				GENERATE_INFOPLIST_FILE = YES;
				MARKETING_VERSION = 1.0;
				PRODUCT_BUNDLE_IDENTIFIER = il.siriusIlUITests;
				PRODUCT_NAME = "$(TARGET_NAME)";
				SWIFT_EMIT_LOC_STRINGS = NO;
				SWIFT_VERSION = 5.0;
				TARGETED_DEVICE_FAMILY = "1,2";
				TEST_TARGET_NAME = siriusIl;
			};
			name = Debug;
		};
		87765AF02999171B001305B8 /* Release */ = {
			isa = XCBuildConfiguration;
			buildSettings = {
				ALWAYS_EMBED_SWIFT_STANDARD_LIBRARIES = YES;
				CODE_SIGN_STYLE = Automatic;
				CURRENT_PROJECT_VERSION = 1;
				GENERATE_INFOPLIST_FILE = YES;
				MARKETING_VERSION = 1.0;
				PRODUCT_BUNDLE_IDENTIFIER = il.siriusIlUITests;
				PRODUCT_NAME = "$(TARGET_NAME)";
				SWIFT_EMIT_LOC_STRINGS = NO;
				SWIFT_VERSION = 5.0;
				TARGETED_DEVICE_FAMILY = "1,2";
				TEST_TARGET_NAME = siriusIl;
			};
			name = Release;
		};
/* End XCBuildConfiguration section */

/* Begin XCConfigurationList section */
		87765AB62999171A001305B8 /* Build configuration list for PBXProject "siriusIl" */ = {
			isa = XCConfigurationList;
			buildConfigurations = (
				87765AE62999171B001305B8 /* Debug */,
				87765AE72999171B001305B8 /* Release */,
			);
			defaultConfigurationIsVisible = 0;
			defaultConfigurationName = Release;
		};
		87765AE82999171B001305B8 /* Build configuration list for PBXNativeTarget "siriusIl" */ = {
			isa = XCConfigurationList;
			buildConfigurations = (
				87765AE92999171B001305B8 /* Debug */,
				87765AEA2999171B001305B8 /* Release */,
			);
			defaultConfigurationIsVisible = 0;
			defaultConfigurationName = Release;
		};
		87765AEB2999171B001305B8 /* Build configuration list for PBXNativeTarget "siriusIlTests" */ = {
			isa = XCConfigurationList;
			buildConfigurations = (
				87765AEC2999171B001305B8 /* Debug */,
				87765AED2999171B001305B8 /* Release */,
			);
			defaultConfigurationIsVisible = 0;
			defaultConfigurationName = Release;
		};
		87765AEE2999171B001305B8 /* Build configuration list for PBXNativeTarget "siriusIlUITests" */ = {
			isa = XCConfigurationList;
			buildConfigurations = (
				87765AEF2999171B001305B8 /* Debug */,
				87765AF02999171B001305B8 /* Release */,
			);
			defaultConfigurationIsVisible = 0;
			defaultConfigurationName = Release;
		};
/* End XCConfigurationList section */

/* Begin XCVersionGroup section */
		87765AC72999171A001305B8 /* siriusIl.xcdatamodeld */ = {
			isa = XCVersionGroup;
			children = (
				87765AC82999171A001305B8 /* siriusIl.xcdatamodel */,
			);
			currentVersion = 87765AC82999171A001305B8 /* siriusIl.xcdatamodel */;
			path = siriusIl.xcdatamodeld;
			sourceTree = "<group>";
			versionGroupType = wrapper.xcdatamodel;
		};
/* End XCVersionGroup section */
	};
	rootObject = 87765AB32999171A001305B8 /* Project object */;
}
